// !$*UTF8*$!
{
	archiveVersion = 1;
	classes = {
	};
	objectVersion = 48;
	objects = {

/* Begin PBXBuildFile section */
		62126F301F81116F005F08BF /* main.cpp in Sources */ = {isa = PBXBuildFile; fileRef = 62126F2F1F81116F005F08BF /* main.cpp */; };
		62126F381F811286005F08BF /* OpenGL.framework in Frameworks */ = {isa = PBXBuildFile; fileRef = 62126F371F811286005F08BF /* OpenGL.framework */; };
		62126F3A1F81128E005F08BF /* GLUT.framework in Frameworks */ = {isa = PBXBuildFile; fileRef = 62126F391F81128E005F08BF /* GLUT.framework */; };
		623EFFC71FB95D820012AF40 /* SOIL.c in Sources */ = {isa = PBXBuildFile; fileRef = 623EFFC11FB95D810012AF40 /* SOIL.c */; };
		623EFFC81FB95D820012AF40 /* image_DXT.c in Sources */ = {isa = PBXBuildFile; fileRef = 623EFFC21FB95D810012AF40 /* image_DXT.c */; };
		623EFFCA1FB95D820012AF40 /* stb_image_aug.c in Sources */ = {isa = PBXBuildFile; fileRef = 623EFFC41FB95D810012AF40 /* stb_image_aug.c */; };
		623EFFCB1FB95D820012AF40 /* image_helper.c in Sources */ = {isa = PBXBuildFile; fileRef = 623EFFC51FB95D810012AF40 /* image_helper.c */; };
		623EFFD21FB95EDB0012AF40 /* bg.png in CopyFiles */ = {isa = PBXBuildFile; fileRef = 62FC77E81FB9557F0029CEEB /* bg.png */; };
/* End PBXBuildFile section */

/* Begin PBXCopyFilesBuildPhase section */
		62126F2A1F81116E005F08BF /* Copy Files */ = {
			isa = PBXCopyFilesBuildPhase;
			buildActionMask = 2147483647;
			dstPath = /usr/share/man/man1;
			dstSubfolderSpec = 0;
			files = (
			);
			name = "Copy Files";
			runOnlyForDeploymentPostprocessing = 1;
		};
		623EFFD11FB95ECF0012AF40 /* CopyFiles */ = {
			isa = PBXCopyFilesBuildPhase;
			buildActionMask = 2147483647;
			dstPath = "";
			dstSubfolderSpec = 7;
			files = (
				623EFFD21FB95EDB0012AF40 /* bg.png in CopyFiles */,
			);
			runOnlyForDeploymentPostprocessing = 0;
		};
/* End PBXCopyFilesBuildPhase section */

/* Begin PBXFileReference section */
		62126F2C1F81116F005F08BF /* Projeto_CG */ = {isa = PBXFileReference; explicitFileType = "compiled.mach-o.executable"; includeInIndex = 0; path = Projeto_CG; sourceTree = BUILT_PRODUCTS_DIR; };
		62126F2F1F81116F005F08BF /* main.cpp */ = {isa = PBXFileReference; lastKnownFileType = sourcecode.cpp.cpp; path = main.cpp; sourceTree = "<group>"; };
		62126F371F811286005F08BF /* OpenGL.framework */ = {isa = PBXFileReference; lastKnownFileType = wrapper.framework; name = OpenGL.framework; path = System/Library/Frameworks/OpenGL.framework; sourceTree = SDKROOT; };
		62126F391F81128E005F08BF /* GLUT.framework */ = {isa = PBXFileReference; lastKnownFileType = wrapper.framework; name = GLUT.framework; path = System/Library/Frameworks/GLUT.framework; sourceTree = SDKROOT; };
		623EFFA91FB95CA20012AF40 /* SOIL.h */ = {isa = PBXFileReference; fileEncoding = 4; lastKnownFileType = sourcecode.c.h; path = SOIL.h; sourceTree = "<group>"; };
		623EFFBE1FB95D350012AF40 /* stb_image_aug.h */ = {isa = PBXFileReference; fileEncoding = 4; lastKnownFileType = sourcecode.c.h; path = stb_image_aug.h; sourceTree = "<group>"; };
		623EFFBF1FB95D490012AF40 /* image_helper.h */ = {isa = PBXFileReference; fileEncoding = 4; lastKnownFileType = sourcecode.c.h; path = image_helper.h; sourceTree = "<group>"; };
		623EFFC01FB95D580012AF40 /* image_DXT.h */ = {isa = PBXFileReference; fileEncoding = 4; lastKnownFileType = sourcecode.c.h; path = image_DXT.h; sourceTree = "<group>"; };
		623EFFC11FB95D810012AF40 /* SOIL.c */ = {isa = PBXFileReference; lastKnownFileType = sourcecode.c.c; path = SOIL.c; sourceTree = "<group>"; };
		623EFFC21FB95D810012AF40 /* image_DXT.c */ = {isa = PBXFileReference; lastKnownFileType = sourcecode.c.c; path = image_DXT.c; sourceTree = "<group>"; };
		623EFFC31FB95D810012AF40 /* stb_image-1.09.c */ = {isa = PBXFileReference; lastKnownFileType = sourcecode.c.c; path = "stb_image-1.09.c"; sourceTree = "<group>"; };
		623EFFC41FB95D810012AF40 /* stb_image_aug.c */ = {isa = PBXFileReference; lastKnownFileType = sourcecode.c.c; path = stb_image_aug.c; sourceTree = "<group>"; };
		623EFFC51FB95D810012AF40 /* image_helper.c */ = {isa = PBXFileReference; lastKnownFileType = sourcecode.c.c; path = image_helper.c; sourceTree = "<group>"; };
		623EFFC61FB95D810012AF40 /* stb_image-1.16.c */ = {isa = PBXFileReference; lastKnownFileType = sourcecode.c.c; path = "stb_image-1.16.c"; sourceTree = "<group>"; };
		623EFFCE1FB95DB50012AF40 /* stbi_DDS_aug.h */ = {isa = PBXFileReference; fileEncoding = 4; lastKnownFileType = sourcecode.c.h; path = stbi_DDS_aug.h; sourceTree = "<group>"; };
		623EFFCF1FB95DC90012AF40 /* stbi_DDS_aug_c.h */ = {isa = PBXFileReference; fileEncoding = 4; lastKnownFileType = sourcecode.c.h; path = stbi_DDS_aug_c.h; sourceTree = "<group>"; };
		62FC77E81FB9557F0029CEEB /* bg.png */ = {isa = PBXFileReference; lastKnownFileType = image.png; path = bg.png; sourceTree = "<group>"; };
/* End PBXFileReference section */

/* Begin PBXFrameworksBuildPhase section */
		62126F291F81116E005F08BF /* Frameworks */ = {
			isa = PBXFrameworksBuildPhase;
			buildActionMask = 2147483647;
			files = (
				62126F3A1F81128E005F08BF /* GLUT.framework in Frameworks */,
				62126F381F811286005F08BF /* OpenGL.framework in Frameworks */,
			);
			runOnlyForDeploymentPostprocessing = 0;
		};
/* End PBXFrameworksBuildPhase section */

/* Begin PBXGroup section */
		62126F231F81116E005F08BF = {
			isa = PBXGroup;
			children = (
				623EFFC21FB95D810012AF40 /* image_DXT.c */,
				623EFFC51FB95D810012AF40 /* image_helper.c */,
				623EFFC11FB95D810012AF40 /* SOIL.c */,
				623EFFC41FB95D810012AF40 /* stb_image_aug.c */,
				623EFFC31FB95D810012AF40 /* stb_image-1.09.c */,
				623EFFC61FB95D810012AF40 /* stb_image-1.16.c */,
				62126F2E1F81116F005F08BF /* Projeto_CG */,
				62126F2D1F81116F005F08BF /* Products */,
				62126F361F811286005F08BF /* Frameworks */,
			);
			sourceTree = "<group>";
		};
		62126F2D1F81116F005F08BF /* Products */ = {
			isa = PBXGroup;
			children = (
				62126F2C1F81116F005F08BF /* Projeto_CG */,
			);
			name = Products;
			sourceTree = "<group>";
		};
		62126F2E1F81116F005F08BF /* Projeto_CG */ = {
			isa = PBXGroup;
			children = (
				623EFFCF1FB95DC90012AF40 /* stbi_DDS_aug_c.h */,
				623EFFCE1FB95DB50012AF40 /* stbi_DDS_aug.h */,
				623EFFC01FB95D580012AF40 /* image_DXT.h */,
				623EFFBF1FB95D490012AF40 /* image_helper.h */,
				623EFFBE1FB95D350012AF40 /* stb_image_aug.h */,
				623EFFA91FB95CA20012AF40 /* SOIL.h */,
				62126F2F1F81116F005F08BF /* main.cpp */,
				62FC77E81FB9557F0029CEEB /* bg.png */,
			);
			path = Projeto_CG;
			sourceTree = "<group>";
		};
		62126F361F811286005F08BF /* Frameworks */ = {
			isa = PBXGroup;
			children = (
				62126F391F81128E005F08BF /* GLUT.framework */,
				62126F371F811286005F08BF /* OpenGL.framework */,
			);
			name = Frameworks;
			sourceTree = "<group>";
		};
/* End PBXGroup section */

/* Begin PBXNativeTarget section */
		62126F2B1F81116E005F08BF /* Projeto_CG */ = {
			isa = PBXNativeTarget;
			buildConfigurationList = 62126F331F81116F005F08BF /* Build configuration list for PBXNativeTarget "Projeto_CG" */;
			buildPhases = (
				62126F281F81116E005F08BF /* Sources */,
				62126F291F81116E005F08BF /* Frameworks */,
				62126F2A1F81116E005F08BF /* Copy Files */,
				623EFFD11FB95ECF0012AF40 /* CopyFiles */,
			);
			buildRules = (
			);
			dependencies = (
			);
			name = Projeto_CG;
			productName = Projeto_CG;
			productReference = 62126F2C1F81116F005F08BF /* Projeto_CG */;
			productType = "com.apple.product-type.tool";
		};
/* End PBXNativeTarget section */

/* Begin PBXProject section */
		62126F241F81116E005F08BF /* Project object */ = {
			isa = PBXProject;
			attributes = {
				LastUpgradeCheck = 0900;
				ORGANIZATIONNAME = gondek;
				TargetAttributes = {
					62126F2B1F81116E005F08BF = {
						CreatedOnToolsVersion = 9.0;
						ProvisioningStyle = Automatic;
					};
				};
			};
			buildConfigurationList = 62126F271F81116E005F08BF /* Build configuration list for PBXProject "Projeto_CG" */;
			compatibilityVersion = "Xcode 8.0";
			developmentRegion = en;
			hasScannedForEncodings = 0;
			knownRegions = (
				en,
			);
			mainGroup = 62126F231F81116E005F08BF;
			productRefGroup = 62126F2D1F81116F005F08BF /* Products */;
			projectDirPath = "";
			projectRoot = "";
			targets = (
				62126F2B1F81116E005F08BF /* Projeto_CG */,
			);
		};
/* End PBXProject section */

/* Begin PBXSourcesBuildPhase section */
		62126F281F81116E005F08BF /* Sources */ = {
			isa = PBXSourcesBuildPhase;
			buildActionMask = 2147483647;
			files = (
				623EFFC71FB95D820012AF40 /* SOIL.c in Sources */,
				623EFFC81FB95D820012AF40 /* image_DXT.c in Sources */,
				623EFFCA1FB95D820012AF40 /* stb_image_aug.c in Sources */,
				623EFFCB1FB95D820012AF40 /* image_helper.c in Sources */,
				62126F301F81116F005F08BF /* main.cpp in Sources */,
			);
			runOnlyForDeploymentPostprocessing = 0;
		};
/* End PBXSourcesBuildPhase section */

/* Begin XCBuildConfiguration section */
		62126F311F81116F005F08BF /* Debug */ = {
			isa = XCBuildConfiguration;
			buildSettings = {
				ALWAYS_SEARCH_USER_PATHS = NO;
				CLANG_ANALYZER_NONNULL = YES;
				CLANG_ANALYZER_NUMBER_OBJECT_CONVERSION = YES_AGGRESSIVE;
				CLANG_CXX_LANGUAGE_STANDARD = "gnu++14";
				CLANG_CXX_LIBRARY = "libc++";
				CLANG_ENABLE_MODULES = YES;
				CLANG_ENABLE_OBJC_ARC = YES;
				CLANG_WARN_BLOCK_CAPTURE_AUTORELEASING = YES;
				CLANG_WARN_BOOL_CONVERSION = YES;
				CLANG_WARN_COMMA = YES;
				CLANG_WARN_CONSTANT_CONVERSION = YES;
				CLANG_WARN_DIRECT_OBJC_ISA_USAGE = YES_ERROR;
				CLANG_WARN_DOCUMENTATION_COMMENTS = YES;
				CLANG_WARN_EMPTY_BODY = YES;
				CLANG_WARN_ENUM_CONVERSION = YES;
				CLANG_WARN_INFINITE_RECURSION = YES;
				CLANG_WARN_INT_CONVERSION = YES;
				CLANG_WARN_NON_LITERAL_NULL_CONVERSION = YES;
				CLANG_WARN_OBJC_LITERAL_CONVERSION = YES;
				CLANG_WARN_OBJC_ROOT_CLASS = YES_ERROR;
				CLANG_WARN_RANGE_LOOP_ANALYSIS = YES;
				CLANG_WARN_STRICT_PROTOTYPES = YES;
				CLANG_WARN_SUSPICIOUS_MOVE = YES;
				CLANG_WARN_UNGUARDED_AVAILABILITY = YES_AGGRESSIVE;
				CLANG_WARN_UNREACHABLE_CODE = YES;
				CLANG_WARN__DUPLICATE_METHOD_MATCH = YES;
				CODE_SIGN_IDENTITY = "Mac Developer";
				COPY_PHASE_STRIP = NO;
				DEBUG_INFORMATION_FORMAT = dwarf;
				ENABLE_STRICT_OBJC_MSGSEND = YES;
				ENABLE_TESTABILITY = YES;
				GCC_C_LANGUAGE_STANDARD = gnu11;
				GCC_DYNAMIC_NO_PIC = NO;
				GCC_NO_COMMON_BLOCKS = YES;
				GCC_OPTIMIZATION_LEVEL = 0;
				GCC_PREPROCESSOR_DEFINITIONS = (
					"DEBUG=1",
					"$(inherited)",
				);
				GCC_WARN_64_TO_32_BIT_CONVERSION = YES;
				GCC_WARN_ABOUT_RETURN_TYPE = YES_ERROR;
				GCC_WARN_UNDECLARED_SELECTOR = YES;
				GCC_WARN_UNINITIALIZED_AUTOS = YES_AGGRESSIVE;
				GCC_WARN_UNUSED_FUNCTION = YES;
				GCC_WARN_UNUSED_VARIABLE = YES;
				MACOSX_DEPLOYMENT_TARGET = 10.13;
				MTL_ENABLE_DEBUG_INFO = YES;
				ONLY_ACTIVE_ARCH = YES;
				SDKROOT = macosx;
			};
			name = Debug;
		};
		62126F321F81116F005F08BF /* Release */ = {
			isa = XCBuildConfiguration;
			buildSettings = {
				ALWAYS_SEARCH_USER_PATHS = NO;
				CLANG_ANALYZER_NONNULL = YES;
				CLANG_ANALYZER_NUMBER_OBJECT_CONVERSION = YES_AGGRESSIVE;
				CLANG_CXX_LANGUAGE_STANDARD = "gnu++14";
				CLANG_CXX_LIBRARY = "libc++";
				CLANG_ENABLE_MODULES = YES;
				CLANG_ENABLE_OBJC_ARC = YES;
				CLANG_WARN_BLOCK_CAPTURE_AUTORELEASING = YES;
				CLANG_WARN_BOOL_CONVERSION = YES;
				CLANG_WARN_COMMA = YES;
				CLANG_WARN_CONSTANT_CONVERSION = YES;
				CLANG_WARN_DIRECT_OBJC_ISA_USAGE = YES_ERROR;
				CLANG_WARN_DOCUMENTATION_COMMENTS = YES;
				CLANG_WARN_EMPTY_BODY = YES;
				CLANG_WARN_ENUM_CONVERSION = YES;
				CLANG_WARN_INFINITE_RECURSION = YES;
				CLANG_WARN_INT_CONVERSION = YES;
				CLANG_WARN_NON_LITERAL_NULL_CONVERSION = YES;
				CLANG_WARN_OBJC_LITERAL_CONVERSION = YES;
				CLANG_WARN_OBJC_ROOT_CLASS = YES_ERROR;
				CLANG_WARN_RANGE_LOOP_ANALYSIS = YES;
				CLANG_WARN_STRICT_PROTOTYPES = YES;
				CLANG_WARN_SUSPICIOUS_MOVE = YES;
				CLANG_WARN_UNGUARDED_AVAILABILITY = YES_AGGRESSIVE;
				CLANG_WARN_UNREACHABLE_CODE = YES;
				CLANG_WARN__DUPLICATE_METHOD_MATCH = YES;
				CODE_SIGN_IDENTITY = "Mac Developer";
				COPY_PHASE_STRIP = NO;
				DEBUG_INFORMATION_FORMAT = "dwarf-with-dsym";
				ENABLE_NS_ASSERTIONS = NO;
				ENABLE_STRICT_OBJC_MSGSEND = YES;
				GCC_C_LANGUAGE_STANDARD = gnu11;
				GCC_NO_COMMON_BLOCKS = YES;
				GCC_WARN_64_TO_32_BIT_CONVERSION = YES;
				GCC_WARN_ABOUT_RETURN_TYPE = YES_ERROR;
				GCC_WARN_UNDECLARED_SELECTOR = YES;
				GCC_WARN_UNINITIALIZED_AUTOS = YES_AGGRESSIVE;
				GCC_WARN_UNUSED_FUNCTION = YES;
				GCC_WARN_UNUSED_VARIABLE = YES;
				MACOSX_DEPLOYMENT_TARGET = 10.13;
				MTL_ENABLE_DEBUG_INFO = NO;
				SDKROOT = macosx;
			};
			name = Release;
		};
		62126F341F81116F005F08BF /* Debug */ = {
			isa = XCBuildConfiguration;
			buildSettings = {
				CODE_SIGN_STYLE = Automatic;
				DEVELOPMENT_TEAM = 7YCYVAN8PU;
				FRAMEWORK_SEARCH_PATHS = (
					"$(inherited)",
					"$(PROJECT_DIR)",
				);
				LIBRARY_SEARCH_PATHS = (
					"$(inherited)",
					"$(PROJECT_DIR)",
				);
				PRODUCT_NAME = "$(TARGET_NAME)";
			};
			name = Debug;
		};
		62126F351F81116F005F08BF /* Release */ = {
			isa = XCBuildConfiguration;
			buildSettings = {
				CODE_SIGN_STYLE = Automatic;
				DEVELOPMENT_TEAM = 7YCYVAN8PU;
				FRAMEWORK_SEARCH_PATHS = (
					"$(inherited)",
					"$(PROJECT_DIR)",
				);
				LIBRARY_SEARCH_PATHS = (
					"$(inherited)",
					"$(PROJECT_DIR)",
				);
				PRODUCT_NAME = "$(TARGET_NAME)";
			};
			name = Release;
		};
/* End XCBuildConfiguration section */

/* Begin XCConfigurationList section */
		62126F271F81116E005F08BF /* Build configuration list for PBXProject "Projeto_CG" */ = {
			isa = XCConfigurationList;
			buildConfigurations = (
				62126F311F81116F005F08BF /* Debug */,
				62126F321F81116F005F08BF /* Release */,
			);
			defaultConfigurationIsVisible = 0;
			defaultConfigurationName = Release;
		};
		62126F331F81116F005F08BF /* Build configuration list for PBXNativeTarget "Projeto_CG" */ = {
			isa = XCConfigurationList;
			buildConfigurations = (
				62126F341F81116F005F08BF /* Debug */,
				62126F351F81116F005F08BF /* Release */,
			);
			defaultConfigurationIsVisible = 0;
			defaultConfigurationName = Release;
		};
/* End XCConfigurationList section */
	};
	rootObject = 62126F241F81116E005F08BF /* Project object */;
}
